
Microsoft Visual Studio Solution File, Format Version 12.00
# Visual Studio Version 16
VisualStudioVersion = 16.0.30204.135
MinimumVisualStudioVersion = 10.0.40219.1
Project("{8BC9CEB8-8B4A-11D0-8D11-00A0C91BC942}") = "hellocpp", "hellocpp\hellocpp.vcxproj", "{E6AAE647-9C7C-42D8-9508-6601A2D982E7}"
EndProject
Project("{8BC9CEB8-8B4A-11D0-8D11-00A0C91BC942}") = "1985", "1985\1985.vcxproj", "{E3A09E55-6553-42D0-AC67-616177E70781}"
EndProject
Project("{8BC9CEB8-8B4A-11D0-8D11-00A0C91BC942}") = "1465", "1465\1465.vcxproj", "{8AF066D4-BF94-4AFB-B9F3-886E7AEEEE79}"
EndProject
Project("{8BC9CEB8-8B4A-11D0-8D11-00A0C91BC942}") = "1610", "1610\1610.vcxproj", "{CD33FEC6-1C08-4202-8CBA-364A8AAE440F}"
EndProject
Project("{8BC9CEB8-8B4A-11D0-8D11-00A0C91BC942}") = "1667", "1667\1667.vcxproj", "{4C0963FC-6C1B-4791-A36D-C939845196C2}"
EndProject
Project("{8BC9CEB8-8B4A-11D0-8D11-00A0C91BC942}") = "1914", "1914\1914.vcxproj", "{DD2FD66C-5531-49B8-92A2-B76D0758FFDF}"
EndProject
Project("{8BC9CEB8-8B4A-11D0-8D11-00A0C91BC942}") = "1915", "1915\1915.vcxproj", "{CBD81F15-2F38-4E49-A7FF-B4026D2FC058}"
EndProject
Global
	GlobalSection(SolutionConfigurationPlatforms) = preSolution
		Debug|x64 = Debug|x64
		Debug|x86 = Debug|x86
		Release|x64 = Release|x64
		Release|x86 = Release|x86
	EndGlobalSection
	GlobalSection(ProjectConfigurationPlatforms) = postSolution
		{E6AAE647-9C7C-42D8-9508-6601A2D982E7}.Debug|x64.ActiveCfg = Debug|x64
		{E6AAE647-9C7C-42D8-9508-6601A2D982E7}.Debug|x64.Build.0 = Debug|x64
		{E6AAE647-9C7C-42D8-9508-6601A2D982E7}.Debug|x86.ActiveCfg = Debug|Win32
		{E6AAE647-9C7C-42D8-9508-6601A2D982E7}.Debug|x86.Build.0 = Debug|Win32
		{E6AAE647-9C7C-42D8-9508-6601A2D982E7}.Release|x64.ActiveCfg = Release|x64
		{E6AAE647-9C7C-42D8-9508-6601A2D982E7}.Release|x64.Build.0 = Release|x64
		{E6AAE647-9C7C-42D8-9508-6601A2D982E7}.Release|x86.ActiveCfg = Release|Win32
		{E6AAE647-9C7C-42D8-9508-6601A2D982E7}.Release|x86.Build.0 = Release|Win32
		{AF427C96-A6E7-47DD-B923-6F0C86AD7082}.Debug|x64.ActiveCfg = Debug|x64
		{AF427C96-A6E7-47DD-B923-6F0C86AD7082}.Debug|x64.Build.0 = Debug|x64
		{AF427C96-A6E7-47DD-B923-6F0C86AD7082}.Debug|x86.ActiveCfg = Debug|Win32
		{AF427C96-A6E7-47DD-B923-6F0C86AD7082}.Debug|x86.Build.0 = Debug|Win32
		{AF427C96-A6E7-47DD-B923-6F0C86AD7082}.Release|x64.ActiveCfg = Release|x64
		{AF427C96-A6E7-47DD-B923-6F0C86AD7082}.Release|x64.Build.0 = Release|x64
		{AF427C96-A6E7-47DD-B923-6F0C86AD7082}.Release|x86.ActiveCfg = Release|Win32
		{AF427C96-A6E7-47DD-B923-6F0C86AD7082}.Release|x86.Build.0 = Release|Win32
		{50A57E10-4D77-405E-9AF6-57AED66B4FC4}.Debug|x64.ActiveCfg = Debug|x64
		{50A57E10-4D77-405E-9AF6-57AED66B4FC4}.Debug|x64.Build.0 = Debug|x64
		{50A57E10-4D77-405E-9AF6-57AED66B4FC4}.Debug|x86.ActiveCfg = Debug|Win32
		{50A57E10-4D77-405E-9AF6-57AED66B4FC4}.Debug|x86.Build.0 = Debug|Win32
		{50A57E10-4D77-405E-9AF6-57AED66B4FC4}.Release|x64.ActiveCfg = Release|x64
		{50A57E10-4D77-405E-9AF6-57AED66B4FC4}.Release|x64.Build.0 = Release|x64
		{50A57E10-4D77-405E-9AF6-57AED66B4FC4}.Release|x86.ActiveCfg = Release|Win32
		{50A57E10-4D77-405E-9AF6-57AED66B4FC4}.Release|x86.Build.0 = Release|Win32
		{994AE88D-4637-4618-835D-3FDCE650331C}.Debug|x64.ActiveCfg = Debug|x64
		{994AE88D-4637-4618-835D-3FDCE650331C}.Debug|x64.Build.0 = Debug|x64
		{994AE88D-4637-4618-835D-3FDCE650331C}.Debug|x86.ActiveCfg = Debug|Win32
		{994AE88D-4637-4618-835D-3FDCE650331C}.Debug|x86.Build.0 = Debug|Win32
		{994AE88D-4637-4618-835D-3FDCE650331C}.Release|x64.ActiveCfg = Release|x64
		{994AE88D-4637-4618-835D-3FDCE650331C}.Release|x64.Build.0 = Release|x64
		{994AE88D-4637-4618-835D-3FDCE650331C}.Release|x86.ActiveCfg = Release|Win32
		{994AE88D-4637-4618-835D-3FDCE650331C}.Release|x86.Build.0 = Release|Win32
		{523CBBDD-8FFF-42E7-BBB2-A217979BF85C}.Debug|x64.ActiveCfg = Debug|x64
		{523CBBDD-8FFF-42E7-BBB2-A217979BF85C}.Debug|x64.Build.0 = Debug|x64
		{523CBBDD-8FFF-42E7-BBB2-A217979BF85C}.Debug|x86.ActiveCfg = Debug|Win32
		{523CBBDD-8FFF-42E7-BBB2-A217979BF85C}.Debug|x86.Build.0 = Debug|Win32
		{523CBBDD-8FFF-42E7-BBB2-A217979BF85C}.Release|x64.ActiveCfg = Release|x64
		{523CBBDD-8FFF-42E7-BBB2-A217979BF85C}.Release|x64.Build.0 = Release|x64
		{523CBBDD-8FFF-42E7-BBB2-A217979BF85C}.Release|x86.ActiveCfg = Release|Win32
		{523CBBDD-8FFF-42E7-BBB2-A217979BF85C}.Release|x86.Build.0 = Release|Win32
		{83C2B4E3-C3CE-40FC-8515-CCDCC6F31780}.Debug|x64.ActiveCfg = Debug|x64
		{83C2B4E3-C3CE-40FC-8515-CCDCC6F31780}.Debug|x64.Build.0 = Debug|x64
		{83C2B4E3-C3CE-40FC-8515-CCDCC6F31780}.Debug|x86.ActiveCfg = Debug|Win32
		{83C2B4E3-C3CE-40FC-8515-CCDCC6F31780}.Debug|x86.Build.0 = Debug|Win32
		{83C2B4E3-C3CE-40FC-8515-CCDCC6F31780}.Release|x64.ActiveCfg = Release|x64
		{83C2B4E3-C3CE-40FC-8515-CCDCC6F31780}.Release|x64.Build.0 = Release|x64
		{83C2B4E3-C3CE-40FC-8515-CCDCC6F31780}.Release|x86.ActiveCfg = Release|Win32
		{83C2B4E3-C3CE-40FC-8515-CCDCC6F31780}.Release|x86.Build.0 = Release|Win32
		{DD2FD66C-5531-49B8-92A2-B76D0758FFDF}.Debug|x64.ActiveCfg = Debug|x64
		{DD2FD66C-5531-49B8-92A2-B76D0758FFDF}.Debug|x64.Build.0 = Debug|x64
		{DD2FD66C-5531-49B8-92A2-B76D0758FFDF}.Debug|x86.ActiveCfg = Debug|Win32
		{DD2FD66C-5531-49B8-92A2-B76D0758FFDF}.Debug|x86.Build.0 = Debug|Win32
		{DD2FD66C-5531-49B8-92A2-B76D0758FFDF}.Release|x64.ActiveCfg = Release|x64
		{DD2FD66C-5531-49B8-92A2-B76D0758FFDF}.Release|x64.Build.0 = Release|x64
		{DD2FD66C-5531-49B8-92A2-B76D0758FFDF}.Release|x86.ActiveCfg = Release|Win32
		{DD2FD66C-5531-49B8-92A2-B76D0758FFDF}.Release|x86.Build.0 = Release|Win32
		{CBD81F15-2F38-4E49-A7FF-B4026D2FC058}.Debug|x64.ActiveCfg = Debug|x64
		{CBD81F15-2F38-4E49-A7FF-B4026D2FC058}.Debug|x64.Build.0 = Debug|x64
		{CBD81F15-2F38-4E49-A7FF-B4026D2FC058}.Debug|x86.ActiveCfg = Debug|Win32
		{CBD81F15-2F38-4E49-A7FF-B4026D2FC058}.Debug|x86.Build.0 = Debug|Win32
		{CBD81F15-2F38-4E49-A7FF-B4026D2FC058}.Release|x64.ActiveCfg = Release|x64
		{CBD81F15-2F38-4E49-A7FF-B4026D2FC058}.Release|x64.Build.0 = Release|x64
		{CBD81F15-2F38-4E49-A7FF-B4026D2FC058}.Release|x86.ActiveCfg = Release|Win32
		{CBD81F15-2F38-4E49-A7FF-B4026D2FC058}.Release|x86.Build.0 = Release|Win32
	EndGlobalSection
	GlobalSection(SolutionProperties) = preSolution
		HideSolutionNode = FALSE
	EndGlobalSection
	GlobalSection(ExtensibilityGlobals) = postSolution
		SolutionGuid = {E61489EF-0449-4EF2-99AB-FD16E8B3694E}
	EndGlobalSection
EndGlobal
