
Microsoft Visual Studio Solution File, Format Version 12.00
# Visual Studio Version 16
VisualStudioVersion = 16.0.30204.135
MinimumVisualStudioVersion = 10.0.40219.1
Project("{8BC9CEB8-8B4A-11D0-8D11-00A0C91BC942}") = "hellocpp", "hellocpp\hellocpp.vcxproj", "{E6AAE647-9C7C-42D8-9508-6601A2D982E7}"
EndProject
Project("{8BC9CEB8-8B4A-11D0-8D11-00A0C91BC942}") = "1910", "1910\1910.vcxproj", "{AF427C96-A6E7-47DD-B923-6F0C86AD7082}"
EndProject
Project("{8BC9CEB8-8B4A-11D0-8D11-00A0C91BC942}") = "1910-1", "1910-1\1910-1.vcxproj", "{50A57E10-4D77-405E-9AF6-57AED66B4FC4}"
EndProject
Project("{8BC9CEB8-8B4A-11D0-8D11-00A0C91BC942}") = "1911", "1911\1911.vcxproj", "{994AE88D-4637-4618-835D-3FDCE650331C}"
EndProject
Project("{8BC9CEB8-8B4A-11D0-8D11-00A0C91BC942}") = "1912", "1912\1912.vcxproj", "{523CBBDD-8FFF-42E7-BBB2-A217979BF85C}"
EndProject
Global
	GlobalSection(SolutionConfigurationPlatforms) = preSolution
		Debug|x64 = Debug|x64
		Debug|x86 = Debug|x86
		Release|x64 = Release|x64
		Release|x86 = Release|x86
	EndGlobalSection
	GlobalSection(ProjectConfigurationPlatforms) = postSolution
		{E6AAE647-9C7C-42D8-9508-6601A2D982E7}.Debug|x64.ActiveCfg = Debug|x64
		{E6AAE647-9C7C-42D8-9508-6601A2D982E7}.Debug|x64.Build.0 = Debug|x64
		{E6AAE647-9C7C-42D8-9508-6601A2D982E7}.Debug|x86.ActiveCfg = Debug|Win32
		{E6AAE647-9C7C-42D8-9508-6601A2D982E7}.Debug|x86.Build.0 = Debug|Win32
		{E6AAE647-9C7C-42D8-9508-6601A2D982E7}.Release|x64.ActiveCfg = Release|x64
		{E6AAE647-9C7C-42D8-9508-6601A2D982E7}.Release|x64.Build.0 = Release|x64
		{E6AAE647-9C7C-42D8-9508-6601A2D982E7}.Release|x86.ActiveCfg = Release|Win32
		{E6AAE647-9C7C-42D8-9508-6601A2D982E7}.Release|x86.Build.0 = Release|Win32
		{AF427C96-A6E7-47DD-B923-6F0C86AD7082}.Debug|x64.ActiveCfg = Debug|x64
		{AF427C96-A6E7-47DD-B923-6F0C86AD7082}.Debug|x64.Build.0 = Debug|x64
		{AF427C96-A6E7-47DD-B923-6F0C86AD7082}.Debug|x86.ActiveCfg = Debug|Win32
		{AF427C96-A6E7-47DD-B923-6F0C86AD7082}.Debug|x86.Build.0 = Debug|Win32
		{AF427C96-A6E7-47DD-B923-6F0C86AD7082}.Release|x64.ActiveCfg = Release|x64
		{AF427C96-A6E7-47DD-B923-6F0C86AD7082}.Release|x64.Build.0 = Release|x64
		{AF427C96-A6E7-47DD-B923-6F0C86AD7082}.Release|x86.ActiveCfg = Release|Win32
		{AF427C96-A6E7-47DD-B923-6F0C86AD7082}.Release|x86.Build.0 = Release|Win32
		{50A57E10-4D77-405E-9AF6-57AED66B4FC4}.Debug|x64.ActiveCfg = Debug|x64
		{50A57E10-4D77-405E-9AF6-57AED66B4FC4}.Debug|x64.Build.0 = Debug|x64
		{50A57E10-4D77-405E-9AF6-57AED66B4FC4}.Debug|x86.ActiveCfg = Debug|Win32
		{50A57E10-4D77-405E-9AF6-57AED66B4FC4}.Debug|x86.Build.0 = Debug|Win32
		{50A57E10-4D77-405E-9AF6-57AED66B4FC4}.Release|x64.ActiveCfg = Release|x64
		{50A57E10-4D77-405E-9AF6-57AED66B4FC4}.Release|x64.Build.0 = Release|x64
		{50A57E10-4D77-405E-9AF6-57AED66B4FC4}.Release|x86.ActiveCfg = Release|Win32
		{50A57E10-4D77-405E-9AF6-57AED66B4FC4}.Release|x86.Build.0 = Release|Win32
		{994AE88D-4637-4618-835D-3FDCE650331C}.Debug|x64.ActiveCfg = Debug|x64
		{994AE88D-4637-4618-835D-3FDCE650331C}.Debug|x64.Build.0 = Debug|x64
		{994AE88D-4637-4618-835D-3FDCE650331C}.Debug|x86.ActiveCfg = Debug|Win32
		{994AE88D-4637-4618-835D-3FDCE650331C}.Debug|x86.Build.0 = Debug|Win32
		{994AE88D-4637-4618-835D-3FDCE650331C}.Release|x64.ActiveCfg = Release|x64
		{994AE88D-4637-4618-835D-3FDCE650331C}.Release|x64.Build.0 = Release|x64
		{994AE88D-4637-4618-835D-3FDCE650331C}.Release|x86.ActiveCfg = Release|Win32
		{994AE88D-4637-4618-835D-3FDCE650331C}.Release|x86.Build.0 = Release|Win32
		{523CBBDD-8FFF-42E7-BBB2-A217979BF85C}.Debug|x64.ActiveCfg = Debug|x64
		{523CBBDD-8FFF-42E7-BBB2-A217979BF85C}.Debug|x64.Build.0 = Debug|x64
		{523CBBDD-8FFF-42E7-BBB2-A217979BF85C}.Debug|x86.ActiveCfg = Debug|Win32
		{523CBBDD-8FFF-42E7-BBB2-A217979BF85C}.Debug|x86.Build.0 = Debug|Win32
		{523CBBDD-8FFF-42E7-BBB2-A217979BF85C}.Release|x64.ActiveCfg = Release|x64
		{523CBBDD-8FFF-42E7-BBB2-A217979BF85C}.Release|x64.Build.0 = Release|x64
		{523CBBDD-8FFF-42E7-BBB2-A217979BF85C}.Release|x86.ActiveCfg = Release|Win32
		{523CBBDD-8FFF-42E7-BBB2-A217979BF85C}.Release|x86.Build.0 = Release|Win32
	EndGlobalSection
	GlobalSection(SolutionProperties) = preSolution
		HideSolutionNode = FALSE
	EndGlobalSection
	GlobalSection(ExtensibilityGlobals) = postSolution
		SolutionGuid = {E61489EF-0449-4EF2-99AB-FD16E8B3694E}
	EndGlobalSection
EndGlobal
