
Microsoft Visual Studio Solution File, Format Version 12.00
# Visual Studio Version 16
VisualStudioVersion = 16.0.30204.135
MinimumVisualStudioVersion = 10.0.40219.1
Project("{8BC9CEB8-8B4A-11D0-8D11-00A0C91BC942}") = "hellocpp", "hellocpp\hellocpp.vcxproj", "{E6AAE647-9C7C-42D8-9508-6601A2D982E7}"
EndProject
Project("{8BC9CEB8-8B4A-11D0-8D11-00A0C91BC942}") = "1985", "1985\1985.vcxproj", "{E3A09E55-6553-42D0-AC67-616177E70781}"
EndProject
Project("{8BC9CEB8-8B4A-11D0-8D11-00A0C91BC942}") = "1465", "1465\1465.vcxproj", "{8AF066D4-BF94-4AFB-B9F3-886E7AEEEE79}"
EndProject
Project("{8BC9CEB8-8B4A-11D0-8D11-00A0C91BC942}") = "1610", "1610\1610.vcxproj", "{CD33FEC6-1C08-4202-8CBA-364A8AAE440F}"
EndProject
Project("{8BC9CEB8-8B4A-11D0-8D11-00A0C91BC942}") = "1667", "1667\1667.vcxproj", "{4C0963FC-6C1B-4791-A36D-C939845196C2}"
EndProject
Global
	GlobalSection(SolutionConfigurationPlatforms) = preSolution
		Debug|x64 = Debug|x64
		Debug|x86 = Debug|x86
		Release|x64 = Release|x64
		Release|x86 = Release|x86
	EndGlobalSection
	GlobalSection(ProjectConfigurationPlatforms) = postSolution
		{E6AAE647-9C7C-42D8-9508-6601A2D982E7}.Debug|x64.ActiveCfg = Debug|x64
		{E6AAE647-9C7C-42D8-9508-6601A2D982E7}.Debug|x64.Build.0 = Debug|x64
		{E6AAE647-9C7C-42D8-9508-6601A2D982E7}.Debug|x86.ActiveCfg = Debug|Win32
		{E6AAE647-9C7C-42D8-9508-6601A2D982E7}.Debug|x86.Build.0 = Debug|Win32
		{E6AAE647-9C7C-42D8-9508-6601A2D982E7}.Release|x64.ActiveCfg = Release|x64
		{E6AAE647-9C7C-42D8-9508-6601A2D982E7}.Release|x64.Build.0 = Release|x64
		{E6AAE647-9C7C-42D8-9508-6601A2D982E7}.Release|x86.ActiveCfg = Release|Win32
		{E6AAE647-9C7C-42D8-9508-6601A2D982E7}.Release|x86.Build.0 = Release|Win32
		{E3A09E55-6553-42D0-AC67-616177E70781}.Debug|x64.ActiveCfg = Debug|x64
		{E3A09E55-6553-42D0-AC67-616177E70781}.Debug|x64.Build.0 = Debug|x64
		{E3A09E55-6553-42D0-AC67-616177E70781}.Debug|x86.ActiveCfg = Debug|Win32
		{E3A09E55-6553-42D0-AC67-616177E70781}.Debug|x86.Build.0 = Debug|Win32
		{E3A09E55-6553-42D0-AC67-616177E70781}.Release|x64.ActiveCfg = Release|x64
		{E3A09E55-6553-42D0-AC67-616177E70781}.Release|x64.Build.0 = Release|x64
		{E3A09E55-6553-42D0-AC67-616177E70781}.Release|x86.ActiveCfg = Release|Win32
		{E3A09E55-6553-42D0-AC67-616177E70781}.Release|x86.Build.0 = Release|Win32
		{8AF066D4-BF94-4AFB-B9F3-886E7AEEEE79}.Debug|x64.ActiveCfg = Debug|x64
		{8AF066D4-BF94-4AFB-B9F3-886E7AEEEE79}.Debug|x64.Build.0 = Debug|x64
		{8AF066D4-BF94-4AFB-B9F3-886E7AEEEE79}.Debug|x86.ActiveCfg = Debug|Win32
		{8AF066D4-BF94-4AFB-B9F3-886E7AEEEE79}.Debug|x86.Build.0 = Debug|Win32
		{8AF066D4-BF94-4AFB-B9F3-886E7AEEEE79}.Release|x64.ActiveCfg = Release|x64
		{8AF066D4-BF94-4AFB-B9F3-886E7AEEEE79}.Release|x64.Build.0 = Release|x64
		{8AF066D4-BF94-4AFB-B9F3-886E7AEEEE79}.Release|x86.ActiveCfg = Release|Win32
		{8AF066D4-BF94-4AFB-B9F3-886E7AEEEE79}.Release|x86.Build.0 = Release|Win32
		{CD33FEC6-1C08-4202-8CBA-364A8AAE440F}.Debug|x64.ActiveCfg = Debug|x64
		{CD33FEC6-1C08-4202-8CBA-364A8AAE440F}.Debug|x64.Build.0 = Debug|x64
		{CD33FEC6-1C08-4202-8CBA-364A8AAE440F}.Debug|x86.ActiveCfg = Debug|Win32
		{CD33FEC6-1C08-4202-8CBA-364A8AAE440F}.Debug|x86.Build.0 = Debug|Win32
		{CD33FEC6-1C08-4202-8CBA-364A8AAE440F}.Release|x64.ActiveCfg = Release|x64
		{CD33FEC6-1C08-4202-8CBA-364A8AAE440F}.Release|x64.Build.0 = Release|x64
		{CD33FEC6-1C08-4202-8CBA-364A8AAE440F}.Release|x86.ActiveCfg = Release|Win32
		{CD33FEC6-1C08-4202-8CBA-364A8AAE440F}.Release|x86.Build.0 = Release|Win32
		{4C0963FC-6C1B-4791-A36D-C939845196C2}.Debug|x64.ActiveCfg = Debug|x64
		{4C0963FC-6C1B-4791-A36D-C939845196C2}.Debug|x64.Build.0 = Debug|x64
		{4C0963FC-6C1B-4791-A36D-C939845196C2}.Debug|x86.ActiveCfg = Debug|Win32
		{4C0963FC-6C1B-4791-A36D-C939845196C2}.Debug|x86.Build.0 = Debug|Win32
		{4C0963FC-6C1B-4791-A36D-C939845196C2}.Release|x64.ActiveCfg = Release|x64
		{4C0963FC-6C1B-4791-A36D-C939845196C2}.Release|x64.Build.0 = Release|x64
		{4C0963FC-6C1B-4791-A36D-C939845196C2}.Release|x86.ActiveCfg = Release|Win32
		{4C0963FC-6C1B-4791-A36D-C939845196C2}.Release|x86.Build.0 = Release|Win32
	EndGlobalSection
	GlobalSection(SolutionProperties) = preSolution
		HideSolutionNode = FALSE
	EndGlobalSection
	GlobalSection(ExtensibilityGlobals) = postSolution
		SolutionGuid = {E61489EF-0449-4EF2-99AB-FD16E8B3694E}
	EndGlobalSection
EndGlobal
